
Microsoft Visual Studio Solution File, Format Version 12.00
# Visual Studio Version 17
VisualStudioVersion = 17.8.34525.116
MinimumVisualStudioVersion = 10.0.40219.1
Project("{9A19103F-16F7-4668-BE54-9A1E7A4F7556}") = "_build", "build\_build.csproj", "{813D7924-ACDC-41A1-906E-9A779636FE8C}"
EndProject
Project("{FAE04EC0-301F-11D3-BF4B-00C04F79EFBC}") = "TrinoClient", "src\TrinoClient\TrinoClient.csproj", "{1FF05A7D-3F53-4AC9-96E4-4DBDD7F8EE74}"
EndProject
Project("{FAE04EC0-301F-11D3-BF4B-00C04F79EFBC}") = "TrinoClient.Test", "src\TrinoClient.Test\TrinoClient.Test.csproj", "{5E7293E9-ABB9-42D8-A225-DC0C23A9B145}"
EndProject
Global
	GlobalSection(SolutionConfigurationPlatforms) = preSolution
		Debug|Any CPU = Debug|Any CPU
		Release|Any CPU = Release|Any CPU
	EndGlobalSection
	GlobalSection(ProjectConfigurationPlatforms) = postSolution
		{813D7924-ACDC-41A1-906E-9A779636FE8C}.Debug|Any CPU.ActiveCfg = Debug|Any CPU
		{813D7924-ACDC-41A1-906E-9A779636FE8C}.Debug|Any CPU.Build.0 = Debug|Any CPU
		{813D7924-ACDC-41A1-906E-9A779636FE8C}.Release|Any CPU.ActiveCfg = Release|Any CPU
		{813D7924-ACDC-41A1-906E-9A779636FE8C}.Release|Any CPU.Build.0 = Release|Any CPU
		{1FF05A7D-3F53-4AC9-96E4-4DBDD7F8EE74}.Debug|Any CPU.ActiveCfg = Debug|Any CPU
		{1FF05A7D-3F53-4AC9-96E4-4DBDD7F8EE74}.Debug|Any CPU.Build.0 = Debug|Any CPU
		{1FF05A7D-3F53-4AC9-96E4-4DBDD7F8EE74}.Release|Any CPU.ActiveCfg = Release|Any CPU
		{1FF05A7D-3F53-4AC9-96E4-4DBDD7F8EE74}.Release|Any CPU.Build.0 = Release|Any CPU
		{5E7293E9-ABB9-42D8-A225-DC0C23A9B145}.Debug|Any CPU.ActiveCfg = Debug|Any CPU
		{5E7293E9-ABB9-42D8-A225-DC0C23A9B145}.Debug|Any CPU.Build.0 = Debug|Any CPU
		{5E7293E9-ABB9-42D8-A225-DC0C23A9B145}.Release|Any CPU.ActiveCfg = Release|Any CPU
		{5E7293E9-ABB9-42D8-A225-DC0C23A9B145}.Release|Any CPU.Build.0 = Release|Any CPU
	EndGlobalSection
	GlobalSection(SolutionProperties) = preSolution
		HideSolutionNode = FALSE
	EndGlobalSection
	GlobalSection(ExtensibilityGlobals) = postSolution
		SolutionGuid = {52A94B16-5063-4E22-98F4-F11081BB0782}
	EndGlobalSection
EndGlobal
